
Microsoft Visual Studio Solution File, Format Version 12.00
# Visual Studio 15
VisualStudioVersion = 15.0.28010.2046
MinimumVisualStudioVersion = 10.0.40219.1
Project("{9A19103F-16F7-4668-BE54-9A1E7A4F7556}") = "MarsRoverChallenge", "MarsRoverChallenge\MarsRoverChallenge.csproj", "{A9649902-C3E4-4243-B442-545992C20AF9}"
EndProject
Project("{FAE04EC0-301F-11D3-BF4B-00C04F79EFBC}") = "MarsRoverChallenge.Test", "MarsRoverChallenge.Test\MarsRoverChallenge.Test.csproj", "{85359212-8DAC-4F6C-852B-83FCD7F0DCA0}"
EndProject
Global
	GlobalSection(SolutionConfigurationPlatforms) = preSolution
		Debug|Any CPU = Debug|Any CPU
		Release|Any CPU = Release|Any CPU
	EndGlobalSection
	GlobalSection(ProjectConfigurationPlatforms) = postSolution
		{A9649902-C3E4-4243-B442-545992C20AF9}.Debug|Any CPU.ActiveCfg = Debug|Any CPU
		{A9649902-C3E4-4243-B442-545992C20AF9}.Debug|Any CPU.Build.0 = Debug|Any CPU
		{A9649902-C3E4-4243-B442-545992C20AF9}.Release|Any CPU.ActiveCfg = Release|Any CPU
		{A9649902-C3E4-4243-B442-545992C20AF9}.Release|Any CPU.Build.0 = Release|Any CPU
		{85359212-8DAC-4F6C-852B-83FCD7F0DCA0}.Debug|Any CPU.ActiveCfg = Debug|Any CPU
		{85359212-8DAC-4F6C-852B-83FCD7F0DCA0}.Debug|Any CPU.Build.0 = Debug|Any CPU
		{85359212-8DAC-4F6C-852B-83FCD7F0DCA0}.Release|Any CPU.ActiveCfg = Release|Any CPU
		{85359212-8DAC-4F6C-852B-83FCD7F0DCA0}.Release|Any CPU.Build.0 = Release|Any CPU
	EndGlobalSection
	GlobalSection(SolutionProperties) = preSolution
		HideSolutionNode = FALSE
	EndGlobalSection
	GlobalSection(ExtensibilityGlobals) = postSolution
		SolutionGuid = {9CD3B272-9D03-4875-98E1-FAD8035E948F}
	EndGlobalSection
EndGlobal
